// !$*UTF8*$!
{
	archiveVersion = 1;
	classes = {
	};
	objectVersion = 55;
	objects = {

/* Begin PBXBuildFile section */
		33621F162C80FD7500A12CD3 /* User.swift in Sources */ = {isa = PBXBuildFile; fileRef = 33621F152C80FD7500A12CD3 /* User.swift */; };
		33621F182C80FE7900A12CD3 /* SignUpVC1.swift in Sources */ = {isa = PBXBuildFile; fileRef = 33621F172C80FE7900A12CD3 /* SignUpVC1.swift */; };
		33621F1A2C81076E00A12CD3 /* SignUpVC2.swift in Sources */ = {isa = PBXBuildFile; fileRef = 33621F192C81076E00A12CD3 /* SignUpVC2.swift */; };
		33A3720C2C7E5A0F00EE834F /* AppDelegate.swift in Sources */ = {isa = PBXBuildFile; fileRef = 33A3720B2C7E5A0F00EE834F /* AppDelegate.swift */; };
		33A372102C7E5A0F00EE834F /* ViewController.swift in Sources */ = {isa = PBXBuildFile; fileRef = 33A3720F2C7E5A0F00EE834F /* ViewController.swift */; };
		33A372132C7E5A0F00EE834F /* Main.storyboard in Resources */ = {isa = PBXBuildFile; fileRef = 33A372112C7E5A0F00EE834F /* Main.storyboard */; };
		33A372152C7E5A2500EE834F /* Assets.xcassets in Resources */ = {isa = PBXBuildFile; fileRef = 33A372142C7E5A2500EE834F /* Assets.xcassets */; };
		33A372182C7E5A2500EE834F /* LaunchScreen.storyboard in Resources */ = {isa = PBXBuildFile; fileRef = 33A372162C7E5A2500EE834F /* LaunchScreen.storyboard */; };
/* End PBXBuildFile section */

/* Begin PBXFileReference section */
		33621F152C80FD7500A12CD3 /* User.swift */ = {isa = PBXFileReference; lastKnownFileType = sourcecode.swift; path = User.swift; sourceTree = "<group>"; };
		33621F172C80FE7900A12CD3 /* SignUpVC1.swift */ = {isa = PBXFileReference; lastKnownFileType = sourcecode.swift; path = SignUpVC1.swift; sourceTree = "<group>"; };
		33621F192C81076E00A12CD3 /* SignUpVC2.swift */ = {isa = PBXFileReference; lastKnownFileType = sourcecode.swift; path = SignUpVC2.swift; sourceTree = "<group>"; };
		33A372082C7E5A0F00EE834F /* Registration.app */ = {isa = PBXFileReference; explicitFileType = wrapper.application; includeInIndex = 0; path = Registration.app; sourceTree = BUILT_PRODUCTS_DIR; };
		33A3720B2C7E5A0F00EE834F /* AppDelegate.swift */ = {isa = PBXFileReference; lastKnownFileType = sourcecode.swift; path = AppDelegate.swift; sourceTree = "<group>"; };
		33A3720F2C7E5A0F00EE834F /* ViewController.swift */ = {isa = PBXFileReference; lastKnownFileType = sourcecode.swift; path = ViewController.swift; sourceTree = "<group>"; };
		33A372122C7E5A0F00EE834F /* Base */ = {isa = PBXFileReference; lastKnownFileType = file.storyboard; name = Base; path = Base.lproj/Main.storyboard; sourceTree = "<group>"; };
		33A372142C7E5A2500EE834F /* Assets.xcassets */ = {isa = PBXFileReference; lastKnownFileType = folder.assetcatalog; path = Assets.xcassets; sourceTree = "<group>"; };
		33A372172C7E5A2500EE834F /* Base */ = {isa = PBXFileReference; lastKnownFileType = file.storyboard; name = Base; path = Base.lproj/LaunchScreen.storyboard; sourceTree = "<group>"; };
		33A372192C7E5A2500EE834F /* Info.plist */ = {isa = PBXFileReference; lastKnownFileType = text.plist.xml; path = Info.plist; sourceTree = "<group>"; };
		33A372252C7E672900EE834F /* Inter-Italic-VariableFont_opsz,wght.ttf */ = {isa = PBXFileReference; lastKnownFileType = file; path = "Inter-Italic-VariableFont_opsz,wght.ttf"; sourceTree = "<group>"; };
		33A372262C7E672F00EE834F /* Inter-VariableFont_opsz,wght.ttf */ = {isa = PBXFileReference; lastKnownFileType = file; path = "Inter-VariableFont_opsz,wght.ttf"; sourceTree = "<group>"; };
/* End PBXFileReference section */

/* Begin PBXFrameworksBuildPhase section */
		33A372052C7E5A0F00EE834F /* Frameworks */ = {
			isa = PBXFrameworksBuildPhase;
			buildActionMask = 2147483647;
			files = (
			);
			runOnlyForDeploymentPostprocessing = 0;
		};
/* End PBXFrameworksBuildPhase section */

/* Begin PBXGroup section */
		33866A4F2C7F4B01008F665E /* Resources */ = {
			isa = PBXGroup;
			children = (
				33A372222C7E66E700EE834F /* Fonts */,
			);
			path = Resources;
			sourceTree = "<group>";
		};
		33A371FF2C7E5A0F00EE834F = {
			isa = PBXGroup;
			children = (
				33A3720A2C7E5A0F00EE834F /* Registration */,
				33A372092C7E5A0F00EE834F /* Products */,
			);
			sourceTree = "<group>";
		};
		33A372092C7E5A0F00EE834F /* Products */ = {
			isa = PBXGroup;
			children = (
				33A372082C7E5A0F00EE834F /* Registration.app */,
			);
			name = Products;
			sourceTree = "<group>";
		};
		33A3720A2C7E5A0F00EE834F /* Registration */ = {
			isa = PBXGroup;
			children = (
				33A3720B2C7E5A0F00EE834F /* AppDelegate.swift */,
				33A3720F2C7E5A0F00EE834F /* ViewController.swift */,
				33866A4F2C7F4B01008F665E /* Resources */,
				33A372212C7E5B5700EE834F /* Views */,
				33A3721F2C7E5AB700EE834F /* Controllers */,
				33A372202C7E5AD400EE834F /* Models */,
				33A372142C7E5A2500EE834F /* Assets.xcassets */,
				33A372192C7E5A2500EE834F /* Info.plist */,
			);
			path = Registration;
			sourceTree = "<group>";
		};
		33A3721F2C7E5AB700EE834F /* Controllers */ = {
			isa = PBXGroup;
			children = (
				33621F172C80FE7900A12CD3 /* SignUpVC1.swift */,
				33621F192C81076E00A12CD3 /* SignUpVC2.swift */,
			);
			path = Controllers;
			sourceTree = "<group>";
		};
		33A372202C7E5AD400EE834F /* Models */ = {
			isa = PBXGroup;
			children = (
				33621F152C80FD7500A12CD3 /* User.swift */,
			);
			path = Models;
			sourceTree = "<group>";
		};
		33A372212C7E5B5700EE834F /* Views */ = {
			isa = PBXGroup;
			children = (
				33A372162C7E5A2500EE834F /* LaunchScreen.storyboard */,
				33A372112C7E5A0F00EE834F /* Main.storyboard */,
			);
			path = Views;
			sourceTree = "<group>";
		};
		33A372222C7E66E700EE834F /* Fonts */ = {
			isa = PBXGroup;
			children = (
				33A372262C7E672F00EE834F /* Inter-VariableFont_opsz,wght.ttf */,
				33A372252C7E672900EE834F /* Inter-Italic-VariableFont_opsz,wght.ttf */,
			);
			path = Fonts;
			sourceTree = "<group>";
		};
/* End PBXGroup section */

/* Begin PBXNativeTarget section */
		33A372072C7E5A0F00EE834F /* Registration */ = {
			isa = PBXNativeTarget;
			buildConfigurationList = 33A3721C2C7E5A2500EE834F /* Build configuration list for PBXNativeTarget "Registration" */;
			buildPhases = (
				33A372042C7E5A0F00EE834F /* Sources */,
				33A372052C7E5A0F00EE834F /* Frameworks */,
				33A372062C7E5A0F00EE834F /* Resources */,
			);
			buildRules = (
			);
			dependencies = (
			);
			name = Registration;
			productName = Registration;
			productReference = 33A372082C7E5A0F00EE834F /* Registration.app */;
			productType = "com.apple.product-type.application";
		};
/* End PBXNativeTarget section */

/* Begin PBXProject section */
		33A372002C7E5A0F00EE834F /* Project object */ = {
			isa = PBXProject;
			attributes = {
				BuildIndependentTargetsInParallel = 1;
				LastSwiftUpdateCheck = 1330;
				LastUpgradeCheck = 1330;
				TargetAttributes = {
					33A372072C7E5A0F00EE834F = {
						CreatedOnToolsVersion = 13.3;
					};
				};
			};
			buildConfigurationList = 33A372032C7E5A0F00EE834F /* Build configuration list for PBXProject "Registration" */;
			compatibilityVersion = "Xcode 13.0";
			developmentRegion = en;
			hasScannedForEncodings = 0;
			knownRegions = (
				en,
				Base,
			);
			mainGroup = 33A371FF2C7E5A0F00EE834F;
			productRefGroup = 33A372092C7E5A0F00EE834F /* Products */;
			projectDirPath = "";
			projectRoot = "";
			targets = (
				33A372072C7E5A0F00EE834F /* Registration */,
			);
		};
/* End PBXProject section */

/* Begin PBXResourcesBuildPhase section */
		33A372062C7E5A0F00EE834F /* Resources */ = {
			isa = PBXResourcesBuildPhase;
			buildActionMask = 2147483647;
			files = (
				33A372182C7E5A2500EE834F /* LaunchScreen.storyboard in Resources */,
				33A372152C7E5A2500EE834F /* Assets.xcassets in Resources */,
				33A372132C7E5A0F00EE834F /* Main.storyboard in Resources */,
			);
			runOnlyForDeploymentPostprocessing = 0;
		};
/* End PBXResourcesBuildPhase section */

/* Begin PBXSourcesBuildPhase section */
		33A372042C7E5A0F00EE834F /* Sources */ = {
			isa = PBXSourcesBuildPhase;
			buildActionMask = 2147483647;
			files = (
				33621F182C80FE7900A12CD3 /* SignUpVC1.swift in Sources */,
				33A372102C7E5A0F00EE834F /* ViewController.swift in Sources */,
				33A3720C2C7E5A0F00EE834F /* AppDelegate.swift in Sources */,
				33621F1A2C81076E00A12CD3 /* SignUpVC2.swift in Sources */,
				33621F162C80FD7500A12CD3 /* User.swift in Sources */,
			);
			runOnlyForDeploymentPostprocessing = 0;
		};
/* End PBXSourcesBuildPhase section */

/* Begin PBXVariantGroup section */
		33A372112C7E5A0F00EE834F /* Main.storyboard */ = {
			isa = PBXVariantGroup;
			children = (
				33A372122C7E5A0F00EE834F /* Base */,
			);
			name = Main.storyboard;
			sourceTree = "<group>";
		};
		33A372162C7E5A2500EE834F /* LaunchScreen.storyboard */ = {
			isa = PBXVariantGroup;
			children = (
				33A372172C7E5A2500EE834F /* Base */,
			);
			name = LaunchScreen.storyboard;
			sourceTree = "<group>";
		};
/* End PBXVariantGroup section */

/* Begin XCBuildConfiguration section */
		33A3721A2C7E5A2500EE834F /* Debug */ = {
			isa = XCBuildConfiguration;
			buildSettings = {
				ALWAYS_SEARCH_USER_PATHS = NO;
				CLANG_ANALYZER_NONNULL = YES;
				CLANG_ANALYZER_NUMBER_OBJECT_CONVERSION = YES_AGGRESSIVE;
				CLANG_CXX_LANGUAGE_STANDARD = "gnu++17";
				CLANG_ENABLE_MODULES = YES;
				CLANG_ENABLE_OBJC_ARC = YES;
				CLANG_ENABLE_OBJC_WEAK = YES;
				CLANG_WARN_BLOCK_CAPTURE_AUTORELEASING = YES;
				CLANG_WARN_BOOL_CONVERSION = YES;
				CLANG_WARN_COMMA = YES;
				CLANG_WARN_CONSTANT_CONVERSION = YES;
				CLANG_WARN_DEPRECATED_OBJC_IMPLEMENTATIONS = YES;
				CLANG_WARN_DIRECT_OBJC_ISA_USAGE = YES_ERROR;
				CLANG_WARN_DOCUMENTATION_COMMENTS = YES;
				CLANG_WARN_EMPTY_BODY = YES;
				CLANG_WARN_ENUM_CONVERSION = YES;
				CLANG_WARN_INFINITE_RECURSION = YES;
				CLANG_WARN_INT_CONVERSION = YES;
				CLANG_WARN_NON_LITERAL_NULL_CONVERSION = YES;
				CLANG_WARN_OBJC_IMPLICIT_RETAIN_SELF = YES;
				CLANG_WARN_OBJC_LITERAL_CONVERSION = YES;
				CLANG_WARN_OBJC_ROOT_CLASS = YES_ERROR;
				CLANG_WARN_QUOTED_INCLUDE_IN_FRAMEWORK_HEADER = YES;
				CLANG_WARN_RANGE_LOOP_ANALYSIS = YES;
				CLANG_WARN_STRICT_PROTOTYPES = YES;
				CLANG_WARN_SUSPICIOUS_MOVE = YES;
				CLANG_WARN_UNGUARDED_AVAILABILITY = YES_AGGRESSIVE;
				CLANG_WARN_UNREACHABLE_CODE = YES;
				CLANG_WARN__DUPLICATE_METHOD_MATCH = YES;
				COPY_PHASE_STRIP = NO;
				DEBUG_INFORMATION_FORMAT = dwarf;
				ENABLE_STRICT_OBJC_MSGSEND = YES;
				ENABLE_TESTABILITY = YES;
				GCC_C_LANGUAGE_STANDARD = gnu11;
				GCC_DYNAMIC_NO_PIC = NO;
				GCC_NO_COMMON_BLOCKS = YES;
				GCC_OPTIMIZATION_LEVEL = 0;
				GCC_PREPROCESSOR_DEFINITIONS = (
					"DEBUG=1",
					"$(inherited)",
				);
				GCC_WARN_64_TO_32_BIT_CONVERSION = YES;
				GCC_WARN_ABOUT_RETURN_TYPE = YES_ERROR;
				GCC_WARN_UNDECLARED_SELECTOR = YES;
				GCC_WARN_UNINITIALIZED_AUTOS = YES_AGGRESSIVE;
				GCC_WARN_UNUSED_FUNCTION = YES;
				GCC_WARN_UNUSED_VARIABLE = YES;
				IPHONEOS_DEPLOYMENT_TARGET = 15.4;
				MTL_ENABLE_DEBUG_INFO = INCLUDE_SOURCE;
				MTL_FAST_MATH = YES;
				ONLY_ACTIVE_ARCH = YES;
				SDKROOT = iphoneos;
				SWIFT_ACTIVE_COMPILATION_CONDITIONS = DEBUG;
				SWIFT_OPTIMIZATION_LEVEL = "-Onone";
			};
			name = Debug;
		};
		33A3721B2C7E5A2500EE834F /* Release */ = {
			isa = XCBuildConfiguration;
			buildSettings = {
				ALWAYS_SEARCH_USER_PATHS = NO;
				CLANG_ANALYZER_NONNULL = YES;
				CLANG_ANALYZER_NUMBER_OBJECT_CONVERSION = YES_AGGRESSIVE;
				CLANG_CXX_LANGUAGE_STANDARD = "gnu++17";
				CLANG_ENABLE_MODULES = YES;
				CLANG_ENABLE_OBJC_ARC = YES;
				CLANG_ENABLE_OBJC_WEAK = YES;
				CLANG_WARN_BLOCK_CAPTURE_AUTORELEASING = YES;
				CLANG_WARN_BOOL_CONVERSION = YES;
				CLANG_WARN_COMMA = YES;
				CLANG_WARN_CONSTANT_CONVERSION = YES;
				CLANG_WARN_DEPRECATED_OBJC_IMPLEMENTATIONS = YES;
				CLANG_WARN_DIRECT_OBJC_ISA_USAGE = YES_ERROR;
				CLANG_WARN_DOCUMENTATION_COMMENTS = YES;
				CLANG_WARN_EMPTY_BODY = YES;
				CLANG_WARN_ENUM_CONVERSION = YES;
				CLANG_WARN_INFINITE_RECURSION = YES;
				CLANG_WARN_INT_CONVERSION = YES;
				CLANG_WARN_NON_LITERAL_NULL_CONVERSION = YES;
				CLANG_WARN_OBJC_IMPLICIT_RETAIN_SELF = YES;
				CLANG_WARN_OBJC_LITERAL_CONVERSION = YES;
				CLANG_WARN_OBJC_ROOT_CLASS = YES_ERROR;
				CLANG_WARN_QUOTED_INCLUDE_IN_FRAMEWORK_HEADER = YES;
				CLANG_WARN_RANGE_LOOP_ANALYSIS = YES;
				CLANG_WARN_STRICT_PROTOTYPES = YES;
				CLANG_WARN_SUSPICIOUS_MOVE = YES;
				CLANG_WARN_UNGUARDED_AVAILABILITY = YES_AGGRESSIVE;
				CLANG_WARN_UNREACHABLE_CODE = YES;
				CLANG_WARN__DUPLICATE_METHOD_MATCH = YES;
				COPY_PHASE_STRIP = NO;
				DEBUG_INFORMATION_FORMAT = "dwarf-with-dsym";
				ENABLE_NS_ASSERTIONS = NO;
				ENABLE_STRICT_OBJC_MSGSEND = YES;
				GCC_C_LANGUAGE_STANDARD = gnu11;
				GCC_NO_COMMON_BLOCKS = YES;
				GCC_WARN_64_TO_32_BIT_CONVERSION = YES;
				GCC_WARN_ABOUT_RETURN_TYPE = YES_ERROR;
				GCC_WARN_UNDECLARED_SELECTOR = YES;
				GCC_WARN_UNINITIALIZED_AUTOS = YES_AGGRESSIVE;
				GCC_WARN_UNUSED_FUNCTION = YES;
				GCC_WARN_UNUSED_VARIABLE = YES;
				IPHONEOS_DEPLOYMENT_TARGET = 15.4;
				MTL_ENABLE_DEBUG_INFO = NO;
				MTL_FAST_MATH = YES;
				SDKROOT = iphoneos;
				SWIFT_COMPILATION_MODE = wholemodule;
				SWIFT_OPTIMIZATION_LEVEL = "-O";
				VALIDATE_PRODUCT = YES;
			};
			name = Release;
		};
		33A3721D2C7E5A2500EE834F /* Debug */ = {
			isa = XCBuildConfiguration;
			buildSettings = {
				ASSETCATALOG_COMPILER_APPICON_NAME = AppIcon;
				ASSETCATALOG_COMPILER_GLOBAL_ACCENT_COLOR_NAME = AccentColor;
				CODE_SIGN_STYLE = Automatic;
				CURRENT_PROJECT_VERSION = 1;
				GENERATE_INFOPLIST_FILE = YES;
				INFOPLIST_FILE = Registration/Info.plist;
				INFOPLIST_KEY_UIApplicationSupportsIndirectInputEvents = YES;
				INFOPLIST_KEY_UILaunchStoryboardName = LaunchScreen;
				INFOPLIST_KEY_UIMainStoryboardFile = Main;
				INFOPLIST_KEY_UISupportedInterfaceOrientations_iPad = "UIInterfaceOrientationPortrait UIInterfaceOrientationPortraitUpsideDown UIInterfaceOrientationLandscapeLeft UIInterfaceOrientationLandscapeRight";
				INFOPLIST_KEY_UISupportedInterfaceOrientations_iPhone = "UIInterfaceOrientationPortrait UIInterfaceOrientationLandscapeLeft UIInterfaceOrientationLandscapeRight";
				LD_RUNPATH_SEARCH_PATHS = (
					"$(inherited)",
					"@executable_path/Frameworks",
				);
				MARKETING_VERSION = 1.0;
				PRODUCT_BUNDLE_IDENTIFIER = com.bankMisr.Registration;
				PRODUCT_NAME = "$(TARGET_NAME)";
				SWIFT_EMIT_LOC_STRINGS = YES;
				SWIFT_VERSION = 5.0;
				TARGETED_DEVICE_FAMILY = "1,2";
			};
			name = Debug;
		};
		33A3721E2C7E5A2500EE834F /* Release */ = {
			isa = XCBuildConfiguration;
			buildSettings = {
				ASSETCATALOG_COMPILER_APPICON_NAME = AppIcon;
				ASSETCATALOG_COMPILER_GLOBAL_ACCENT_COLOR_NAME = AccentColor;
				CODE_SIGN_STYLE = Automatic;
				CURRENT_PROJECT_VERSION = 1;
				GENERATE_INFOPLIST_FILE = YES;
				INFOPLIST_FILE = Registration/Info.plist;
				INFOPLIST_KEY_UIApplicationSupportsIndirectInputEvents = YES;
				INFOPLIST_KEY_UILaunchStoryboardName = LaunchScreen;
				INFOPLIST_KEY_UIMainStoryboardFile = Main;
				INFOPLIST_KEY_UISupportedInterfaceOrientations_iPad = "UIInterfaceOrientationPortrait UIInterfaceOrientationPortraitUpsideDown UIInterfaceOrientationLandscapeLeft UIInterfaceOrientationLandscapeRight";
				INFOPLIST_KEY_UISupportedInterfaceOrientations_iPhone = "UIInterfaceOrientationPortrait UIInterfaceOrientationLandscapeLeft UIInterfaceOrientationLandscapeRight";
				LD_RUNPATH_SEARCH_PATHS = (
					"$(inherited)",
					"@executable_path/Frameworks",
				);
				MARKETING_VERSION = 1.0;
				PRODUCT_BUNDLE_IDENTIFIER = com.bankMisr.Registration;
				PRODUCT_NAME = "$(TARGET_NAME)";
				SWIFT_EMIT_LOC_STRINGS = YES;
				SWIFT_VERSION = 5.0;
				TARGETED_DEVICE_FAMILY = "1,2";
			};
			name = Release;
		};
/* End XCBuildConfiguration section */

/* Begin XCConfigurationList section */
		33A372032C7E5A0F00EE834F /* Build configuration list for PBXProject "Registration" */ = {
			isa = XCConfigurationList;
			buildConfigurations = (
				33A3721A2C7E5A2500EE834F /* Debug */,
				33A3721B2C7E5A2500EE834F /* Release */,
			);
			defaultConfigurationIsVisible = 0;
			defaultConfigurationName = Release;
		};
		33A3721C2C7E5A2500EE834F /* Build configuration list for PBXNativeTarget "Registration" */ = {
			isa = XCConfigurationList;
			buildConfigurations = (
				33A3721D2C7E5A2500EE834F /* Debug */,
				33A3721E2C7E5A2500EE834F /* Release */,
			);
			defaultConfigurationIsVisible = 0;
			defaultConfigurationName = Release;
		};
/* End XCConfigurationList section */
	};
	rootObject = 33A372002C7E5A0F00EE834F /* Project object */;
}
